// !$*UTF8*$!
{
	archiveVersion = 1;
	classes = {
	};
	objectVersion = 55;
	objects = {

/* Begin PBXBuildFile section */
		2A0697FB273346A600BD7C8A /* AppDelegate.swift in Sources */ = {isa = PBXBuildFile; fileRef = 2A0697FA273346A600BD7C8A /* AppDelegate.swift */; };
		2A0697FD273346A600BD7C8A /* SceneDelegate.swift in Sources */ = {isa = PBXBuildFile; fileRef = 2A0697FC273346A600BD7C8A /* SceneDelegate.swift */; };
		2A0697FF273346A600BD7C8A /* ViewController.swift in Sources */ = {isa = PBXBuildFile; fileRef = 2A0697FE273346A600BD7C8A /* ViewController.swift */; };
		2A069802273346A600BD7C8A /* Main.storyboard in Resources */ = {isa = PBXBuildFile; fileRef = 2A069800273346A600BD7C8A /* Main.storyboard */; };
		2A069804273346B800BD7C8A /* Assets.xcassets in Resources */ = {isa = PBXBuildFile; fileRef = 2A069803273346B800BD7C8A /* Assets.xcassets */; };
		2A069807273346B800BD7C8A /* LaunchScreen.storyboard in Resources */ = {isa = PBXBuildFile; fileRef = 2A069805273346B800BD7C8A /* LaunchScreen.storyboard */; };
		2A0698122733484100BD7C8A /* WeatherModel.swift in Sources */ = {isa = PBXBuildFile; fileRef = 2A0698112733484100BD7C8A /* WeatherModel.swift */; };
		2A06981427334C2600BD7C8A /* WeatherManager.swift in Sources */ = {isa = PBXBuildFile; fileRef = 2A06981327334C2600BD7C8A /* WeatherManager.swift */; };
		2A06981627334C4900BD7C8A /* WeatherData.swift in Sources */ = {isa = PBXBuildFile; fileRef = 2A06981527334C4900BD7C8A /* WeatherData.swift */; };
		2A574B1E2739D07400CC44A6 /* PersistenceManager.swift in Sources */ = {isa = PBXBuildFile; fileRef = 2A574B1D2739D07300CC44A6 /* PersistenceManager.swift */; };
/* End PBXBuildFile section */

/* Begin PBXFileReference section */
		2A0697F7273346A600BD7C8A /* labbb.app */ = {isa = PBXFileReference; explicitFileType = wrapper.application; includeInIndex = 0; path = labbb.app; sourceTree = BUILT_PRODUCTS_DIR; };
		2A0697FA273346A600BD7C8A /* AppDelegate.swift */ = {isa = PBXFileReference; lastKnownFileType = sourcecode.swift; path = AppDelegate.swift; sourceTree = "<group>"; };
		2A0697FC273346A600BD7C8A /* SceneDelegate.swift */ = {isa = PBXFileReference; lastKnownFileType = sourcecode.swift; path = SceneDelegate.swift; sourceTree = "<group>"; };
		2A0697FE273346A600BD7C8A /* ViewController.swift */ = {isa = PBXFileReference; lastKnownFileType = sourcecode.swift; path = ViewController.swift; sourceTree = "<group>"; };
		2A069801273346A600BD7C8A /* Base */ = {isa = PBXFileReference; lastKnownFileType = file.storyboard; name = Base; path = Base.lproj/Main.storyboard; sourceTree = "<group>"; };
		2A069803273346B800BD7C8A /* Assets.xcassets */ = {isa = PBXFileReference; lastKnownFileType = folder.assetcatalog; path = Assets.xcassets; sourceTree = "<group>"; };
		2A069806273346B800BD7C8A /* Base */ = {isa = PBXFileReference; lastKnownFileType = file.storyboard; name = Base; path = Base.lproj/LaunchScreen.storyboard; sourceTree = "<group>"; };
		2A069808273346B800BD7C8A /* Info.plist */ = {isa = PBXFileReference; lastKnownFileType = text.plist.xml; path = Info.plist; sourceTree = "<group>"; };
		2A0698112733484100BD7C8A /* WeatherModel.swift */ = {isa = PBXFileReference; lastKnownFileType = sourcecode.swift; path = WeatherModel.swift; sourceTree = "<group>"; };
		2A06981327334C2600BD7C8A /* WeatherManager.swift */ = {isa = PBXFileReference; lastKnownFileType = sourcecode.swift; path = WeatherManager.swift; sourceTree = "<group>"; };
		2A06981527334C4900BD7C8A /* WeatherData.swift */ = {isa = PBXFileReference; lastKnownFileType = sourcecode.swift; path = WeatherData.swift; sourceTree = "<group>"; };
		2A574B1D2739D07300CC44A6 /* PersistenceManager.swift */ = {isa = PBXFileReference; lastKnownFileType = sourcecode.swift; path = PersistenceManager.swift; sourceTree = "<group>"; };
/* End PBXFileReference section */

/* Begin PBXFrameworksBuildPhase section */
		2A0697F4273346A600BD7C8A /* Frameworks */ = {
			isa = PBXFrameworksBuildPhase;
			buildActionMask = 2147483647;
			files = (
			);
			runOnlyForDeploymentPostprocessing = 0;
		};
/* End PBXFrameworksBuildPhase section */

/* Begin PBXGroup section */
		2A0697EE273346A600BD7C8A = {
			isa = PBXGroup;
			children = (
				2A0697F9273346A600BD7C8A /* labbb */,
				2A0697F8273346A600BD7C8A /* Products */,
			);
			sourceTree = "<group>";
		};
		2A0697F8273346A600BD7C8A /* Products */ = {
			isa = PBXGroup;
			children = (
				2A0697F7273346A600BD7C8A /* labbb.app */,
			);
			name = Products;
			sourceTree = "<group>";
		};
		2A0697F9273346A600BD7C8A /* labbb */ = {
			isa = PBXGroup;
			children = (
				2A0697FA273346A600BD7C8A /* AppDelegate.swift */,
				2A0697FC273346A600BD7C8A /* SceneDelegate.swift */,
				2A06980F273347F400BD7C8A /* Model */,
				2A06980E273347D300BD7C8A /* View */,
				2A0698102733480500BD7C8A /* Controller */,
				2A069803273346B800BD7C8A /* Assets.xcassets */,
				2A069805273346B800BD7C8A /* LaunchScreen.storyboard */,
				2A069808273346B800BD7C8A /* Info.plist */,
			);
			path = labbb;
			sourceTree = "<group>";
		};
		2A06980E273347D300BD7C8A /* View */ = {
			isa = PBXGroup;
			children = (
				2A069800273346A600BD7C8A /* Main.storyboard */,
			);
			name = View;
			path = "New Group";
			sourceTree = "<group>";
		};
		2A06980F273347F400BD7C8A /* Model */ = {
			isa = PBXGroup;
			children = (
				2A0698112733484100BD7C8A /* WeatherModel.swift */,
				2A06981327334C2600BD7C8A /* WeatherManager.swift */,
				2A06981527334C4900BD7C8A /* WeatherData.swift */,
				2A574B1D2739D07300CC44A6 /* PersistenceManager.swift */,
			);
			path = Model;
			sourceTree = "<group>";
		};
		2A0698102733480500BD7C8A /* Controller */ = {
			isa = PBXGroup;
			children = (
				2A0697FE273346A600BD7C8A /* ViewController.swift */,
			);
			path = Controller;
			sourceTree = "<group>";
		};
/* End PBXGroup section */

/* Begin PBXNativeTarget section */
		2A0697F6273346A600BD7C8A /* labbb */ = {
			isa = PBXNativeTarget;
			buildConfigurationList = 2A06980B273346B800BD7C8A /* Build configuration list for PBXNativeTarget "labbb" */;
			buildPhases = (
				2A0697F3273346A600BD7C8A /* Sources */,
				2A0697F4273346A600BD7C8A /* Frameworks */,
				2A0697F5273346A600BD7C8A /* Resources */,
			);
			buildRules = (
			);
			dependencies = (
			);
			name = labbb;
			productName = labbb;
			productReference = 2A0697F7273346A600BD7C8A /* labbb.app */;
			productType = "com.apple.product-type.application";
		};
/* End PBXNativeTarget section */

/* Begin PBXProject section */
		2A0697EF273346A600BD7C8A /* Project object */ = {
			isa = PBXProject;
			attributes = {
				BuildIndependentTargetsInParallel = 1;
				LastSwiftUpdateCheck = 1310;
				LastUpgradeCheck = 1310;
				TargetAttributes = {
					2A0697F6273346A600BD7C8A = {
						CreatedOnToolsVersion = 13.1;
					};
				};
			};
			buildConfigurationList = 2A0697F2273346A600BD7C8A /* Build configuration list for PBXProject "labbb" */;
			compatibilityVersion = "Xcode 13.0";
			developmentRegion = en;
			hasScannedForEncodings = 0;
			knownRegions = (
				en,
				Base,
			);
			mainGroup = 2A0697EE273346A600BD7C8A;
			productRefGroup = 2A0697F8273346A600BD7C8A /* Products */;
			projectDirPath = "";
			projectRoot = "";
			targets = (
				2A0697F6273346A600BD7C8A /* labbb */,
			);
		};
/* End PBXProject section */

/* Begin PBXResourcesBuildPhase section */
		2A0697F5273346A600BD7C8A /* Resources */ = {
			isa = PBXResourcesBuildPhase;
			buildActionMask = 2147483647;
			files = (
				2A069807273346B800BD7C8A /* LaunchScreen.storyboard in Resources */,
				2A069804273346B800BD7C8A /* Assets.xcassets in Resources */,
				2A069802273346A600BD7C8A /* Main.storyboard in Resources */,
			);
			runOnlyForDeploymentPostprocessing = 0;
		};
/* End PBXResourcesBuildPhase section */

/* Begin PBXSourcesBuildPhase section */
		2A0697F3273346A600BD7C8A /* Sources */ = {
			isa = PBXSourcesBuildPhase;
			buildActionMask = 2147483647;
			files = (
				2A0698122733484100BD7C8A /* WeatherModel.swift in Sources */,
				2A574B1E2739D07400CC44A6 /* PersistenceManager.swift in Sources */,
				2A0697FF273346A600BD7C8A /* ViewController.swift in Sources */,
				2A06981427334C2600BD7C8A /* WeatherManager.swift in Sources */,
				2A0697FB273346A600BD7C8A /* AppDelegate.swift in Sources */,
				2A06981627334C4900BD7C8A /* WeatherData.swift in Sources */,
				2A0697FD273346A600BD7C8A /* SceneDelegate.swift in Sources */,
			);
			runOnlyForDeploymentPostprocessing = 0;
		};
/* End PBXSourcesBuildPhase section */

/* Begin PBXVariantGroup section */
		2A069800273346A600BD7C8A /* Main.storyboard */ = {
			isa = PBXVariantGroup;
			children = (
				2A069801273346A600BD7C8A /* Base */,
			);
			name = Main.storyboard;
			sourceTree = "<group>";
		};
		2A069805273346B800BD7C8A /* LaunchScreen.storyboard */ = {
			isa = PBXVariantGroup;
			children = (
				2A069806273346B800BD7C8A /* Base */,
			);
			name = LaunchScreen.storyboard;
			sourceTree = "<group>";
		};
/* End PBXVariantGroup section */

/* Begin XCBuildConfiguration section */
		2A069809273346B800BD7C8A /* Debug */ = {
			isa = XCBuildConfiguration;
			buildSettings = {
				ALWAYS_SEARCH_USER_PATHS = NO;
				CLANG_ANALYZER_NONNULL = YES;
				CLANG_ANALYZER_NUMBER_OBJECT_CONVERSION = YES_AGGRESSIVE;
				CLANG_CXX_LANGUAGE_STANDARD = "gnu++17";
				CLANG_CXX_LIBRARY = "libc++";
				CLANG_ENABLE_MODULES = YES;
				CLANG_ENABLE_OBJC_ARC = YES;
				CLANG_ENABLE_OBJC_WEAK = YES;
				CLANG_WARN_BLOCK_CAPTURE_AUTORELEASING = YES;
				CLANG_WARN_BOOL_CONVERSION = YES;
				CLANG_WARN_COMMA = YES;
				CLANG_WARN_CONSTANT_CONVERSION = YES;
				CLANG_WARN_DEPRECATED_OBJC_IMPLEMENTATIONS = YES;
				CLANG_WARN_DIRECT_OBJC_ISA_USAGE = YES_ERROR;
				CLANG_WARN_DOCUMENTATION_COMMENTS = YES;
				CLANG_WARN_EMPTY_BODY = YES;
				CLANG_WARN_ENUM_CONVERSION = YES;
				CLANG_WARN_INFINITE_RECURSION = YES;
				CLANG_WARN_INT_CONVERSION = YES;
				CLANG_WARN_NON_LITERAL_NULL_CONVERSION = YES;
				CLANG_WARN_OBJC_IMPLICIT_RETAIN_SELF = YES;
				CLANG_WARN_OBJC_LITERAL_CONVERSION = YES;
				CLANG_WARN_OBJC_ROOT_CLASS = YES_ERROR;
				CLANG_WARN_QUOTED_INCLUDE_IN_FRAMEWORK_HEADER = YES;
				CLANG_WARN_RANGE_LOOP_ANALYSIS = YES;
				CLANG_WARN_STRICT_PROTOTYPES = YES;
				CLANG_WARN_SUSPICIOUS_MOVE = YES;
				CLANG_WARN_UNGUARDED_AVAILABILITY = YES_AGGRESSIVE;
				CLANG_WARN_UNREACHABLE_CODE = YES;
				CLANG_WARN__DUPLICATE_METHOD_MATCH = YES;
				COPY_PHASE_STRIP = NO;
				DEBUG_INFORMATION_FORMAT = dwarf;
				ENABLE_STRICT_OBJC_MSGSEND = YES;
				ENABLE_TESTABILITY = YES;
				GCC_C_LANGUAGE_STANDARD = gnu11;
				GCC_DYNAMIC_NO_PIC = NO;
				GCC_NO_COMMON_BLOCKS = YES;
				GCC_OPTIMIZATION_LEVEL = 0;
				GCC_PREPROCESSOR_DEFINITIONS = (
					"DEBUG=1",
					"$(inherited)",
				);
				GCC_WARN_64_TO_32_BIT_CONVERSION = YES;
				GCC_WARN_ABOUT_RETURN_TYPE = YES_ERROR;
				GCC_WARN_UNDECLARED_SELECTOR = YES;
				GCC_WARN_UNINITIALIZED_AUTOS = YES_AGGRESSIVE;
				GCC_WARN_UNUSED_FUNCTION = YES;
				GCC_WARN_UNUSED_VARIABLE = YES;
				IPHONEOS_DEPLOYMENT_TARGET = 15.0;
				MTL_ENABLE_DEBUG_INFO = INCLUDE_SOURCE;
				MTL_FAST_MATH = YES;
				ONLY_ACTIVE_ARCH = YES;
				SDKROOT = iphoneos;
				SWIFT_ACTIVE_COMPILATION_CONDITIONS = DEBUG;
				SWIFT_OPTIMIZATION_LEVEL = "-Onone";
			};
			name = Debug;
		};
		2A06980A273346B800BD7C8A /* Release */ = {
			isa = XCBuildConfiguration;
			buildSettings = {
				ALWAYS_SEARCH_USER_PATHS = NO;
				CLANG_ANALYZER_NONNULL = YES;
				CLANG_ANALYZER_NUMBER_OBJECT_CONVERSION = YES_AGGRESSIVE;
				CLANG_CXX_LANGUAGE_STANDARD = "gnu++17";
				CLANG_CXX_LIBRARY = "libc++";
				CLANG_ENABLE_MODULES = YES;
				CLANG_ENABLE_OBJC_ARC = YES;
				CLANG_ENABLE_OBJC_WEAK = YES;
				CLANG_WARN_BLOCK_CAPTURE_AUTORELEASING = YES;
				CLANG_WARN_BOOL_CONVERSION = YES;
				CLANG_WARN_COMMA = YES;
				CLANG_WARN_CONSTANT_CONVERSION = YES;
				CLANG_WARN_DEPRECATED_OBJC_IMPLEMENTATIONS = YES;
				CLANG_WARN_DIRECT_OBJC_ISA_USAGE = YES_ERROR;
				CLANG_WARN_DOCUMENTATION_COMMENTS = YES;
				CLANG_WARN_EMPTY_BODY = YES;
				CLANG_WARN_ENUM_CONVERSION = YES;
				CLANG_WARN_INFINITE_RECURSION = YES;
				CLANG_WARN_INT_CONVERSION = YES;
				CLANG_WARN_NON_LITERAL_NULL_CONVERSION = YES;
				CLANG_WARN_OBJC_IMPLICIT_RETAIN_SELF = YES;
				CLANG_WARN_OBJC_LITERAL_CONVERSION = YES;
				CLANG_WARN_OBJC_ROOT_CLASS = YES_ERROR;
				CLANG_WARN_QUOTED_INCLUDE_IN_FRAMEWORK_HEADER = YES;
				CLANG_WARN_RANGE_LOOP_ANALYSIS = YES;
				CLANG_WARN_STRICT_PROTOTYPES = YES;
				CLANG_WARN_SUSPICIOUS_MOVE = YES;
				CLANG_WARN_UNGUARDED_AVAILABILITY = YES_AGGRESSIVE;
				CLANG_WARN_UNREACHABLE_CODE = YES;
				CLANG_WARN__DUPLICATE_METHOD_MATCH = YES;
				COPY_PHASE_STRIP = NO;
				DEBUG_INFORMATION_FORMAT = "dwarf-with-dsym";
				ENABLE_NS_ASSERTIONS = NO;
				ENABLE_STRICT_OBJC_MSGSEND = YES;
				GCC_C_LANGUAGE_STANDARD = gnu11;
				GCC_NO_COMMON_BLOCKS = YES;
				GCC_WARN_64_TO_32_BIT_CONVERSION = YES;
				GCC_WARN_ABOUT_RETURN_TYPE = YES_ERROR;
				GCC_WARN_UNDECLARED_SELECTOR = YES;
				GCC_WARN_UNINITIALIZED_AUTOS = YES_AGGRESSIVE;
				GCC_WARN_UNUSED_FUNCTION = YES;
				GCC_WARN_UNUSED_VARIABLE = YES;
				IPHONEOS_DEPLOYMENT_TARGET = 15.0;
				MTL_ENABLE_DEBUG_INFO = NO;
				MTL_FAST_MATH = YES;
				SDKROOT = iphoneos;
				SWIFT_COMPILATION_MODE = wholemodule;
				SWIFT_OPTIMIZATION_LEVEL = "-O";
				VALIDATE_PRODUCT = YES;
			};
			name = Release;
		};
		2A06980C273346B800BD7C8A /* Debug */ = {
			isa = XCBuildConfiguration;
			buildSettings = {
				ASSETCATALOG_COMPILER_APPICON_NAME = AppIcon;
				ASSETCATALOG_COMPILER_GLOBAL_ACCENT_COLOR_NAME = AccentColor;
				CODE_SIGN_STYLE = Automatic;
				CURRENT_PROJECT_VERSION = 1;
				DEVELOPMENT_TEAM = CVS5A3LK4U;
				GENERATE_INFOPLIST_FILE = YES;
				INFOPLIST_FILE = labbb/Info.plist;
				INFOPLIST_KEY_UIApplicationSupportsIndirectInputEvents = YES;
				INFOPLIST_KEY_UILaunchStoryboardName = LaunchScreen;
				INFOPLIST_KEY_UIMainStoryboardFile = Main;
				INFOPLIST_KEY_UISupportedInterfaceOrientations_iPad = "UIInterfaceOrientationPortrait UIInterfaceOrientationPortraitUpsideDown UIInterfaceOrientationLandscapeLeft UIInterfaceOrientationLandscapeRight";
				INFOPLIST_KEY_UISupportedInterfaceOrientations_iPhone = "UIInterfaceOrientationPortrait UIInterfaceOrientationLandscapeLeft UIInterfaceOrientationLandscapeRight";
				IPHONEOS_DEPLOYMENT_TARGET = 15.0;
				LD_RUNPATH_SEARCH_PATHS = (
					"$(inherited)",
					"@executable_path/Frameworks",
				);
				MARKETING_VERSION = 1.0;
				PRODUCT_BUNDLE_IDENTIFIER = com.daniel.labbb;
				PRODUCT_NAME = "$(TARGET_NAME)";
				SWIFT_EMIT_LOC_STRINGS = YES;
				SWIFT_VERSION = 5.0;
				TARGETED_DEVICE_FAMILY = "1,2";
			};
			name = Debug;
		};
		2A06980D273346B800BD7C8A /* Release */ = {
			isa = XCBuildConfiguration;
			buildSettings = {
				ASSETCATALOG_COMPILER_APPICON_NAME = AppIcon;
				ASSETCATALOG_COMPILER_GLOBAL_ACCENT_COLOR_NAME = AccentColor;
				CODE_SIGN_STYLE = Automatic;
				CURRENT_PROJECT_VERSION = 1;
				DEVELOPMENT_TEAM = CVS5A3LK4U;
				GENERATE_INFOPLIST_FILE = YES;
				INFOPLIST_FILE = labbb/Info.plist;
				INFOPLIST_KEY_UIApplicationSupportsIndirectInputEvents = YES;
				INFOPLIST_KEY_UILaunchStoryboardName = LaunchScreen;
				INFOPLIST_KEY_UIMainStoryboardFile = Main;
				INFOPLIST_KEY_UISupportedInterfaceOrientations_iPad = "UIInterfaceOrientationPortrait UIInterfaceOrientationPortraitUpsideDown UIInterfaceOrientationLandscapeLeft UIInterfaceOrientationLandscapeRight";
				INFOPLIST_KEY_UISupportedInterfaceOrientations_iPhone = "UIInterfaceOrientationPortrait UIInterfaceOrientationLandscapeLeft UIInterfaceOrientationLandscapeRight";
				IPHONEOS_DEPLOYMENT_TARGET = 15.0;
				LD_RUNPATH_SEARCH_PATHS = (
					"$(inherited)",
					"@executable_path/Frameworks",
				);
				MARKETING_VERSION = 1.0;
				PRODUCT_BUNDLE_IDENTIFIER = com.daniel.labbb;
				PRODUCT_NAME = "$(TARGET_NAME)";
				SWIFT_EMIT_LOC_STRINGS = YES;
				SWIFT_VERSION = 5.0;
				TARGETED_DEVICE_FAMILY = "1,2";
			};
			name = Release;
		};
/* End XCBuildConfiguration section */

/* Begin XCConfigurationList section */
		2A0697F2273346A600BD7C8A /* Build configuration list for PBXProject "labbb" */ = {
			isa = XCConfigurationList;
			buildConfigurations = (
				2A069809273346B800BD7C8A /* Debug */,
				2A06980A273346B800BD7C8A /* Release */,
			);
			defaultConfigurationIsVisible = 0;
			defaultConfigurationName = Release;
		};
		2A06980B273346B800BD7C8A /* Build configuration list for PBXNativeTarget "labbb" */ = {
			isa = XCConfigurationList;
			buildConfigurations = (
				2A06980C273346B800BD7C8A /* Debug */,
				2A06980D273346B800BD7C8A /* Release */,
			);
			defaultConfigurationIsVisible = 0;
			defaultConfigurationName = Release;
		};
/* End XCConfigurationList section */
	};
	rootObject = 2A0697EF273346A600BD7C8A /* Project object */;
}
